
Microsoft Visual Studio Solution File, Format Version 12.00
Project("{FAE04EC0-301F-11D3-BF4B-00C04F79EFBC}") = "MyBusiness.Compliance", "MyBusiness.Compliance\MyBusiness.Compliance.csproj", "{9EAF36E6-8D20-41A3-8F25-69136A5C265D}"
EndProject
Global
	GlobalSection(SolutionConfigurationPlatforms) = preSolution
		Debug|Any CPU = Debug|Any CPU
		Release|Any CPU = Release|Any CPU
	EndGlobalSection
	GlobalSection(ProjectConfigurationPlatforms) = postSolution
		{9EAF36E6-8D20-41A3-8F25-69136A5C265D}.Debug|Any CPU.ActiveCfg = Debug|Any CPU
		{9EAF36E6-8D20-41A3-8F25-69136A5C265D}.Debug|Any CPU.Build.0 = Debug|Any CPU
		{9EAF36E6-8D20-41A3-8F25-69136A5C265D}.Release|Any CPU.ActiveCfg = Release|Any CPU
		{9EAF36E6-8D20-41A3-8F25-69136A5C265D}.Release|Any CPU.Build.0 = Release|Any CPU
	EndGlobalSection
EndGlobal
